// !$*UTF8*$!
{
	archiveVersion = 1;
	classes = {
	};
	objectVersion = 56;
	objects = {

/* Begin PBXBuildFile section */
		09ECFF392C3749CC008F6310 /* CoordinatorExampleWithUnitTestApp.swift in Sources */ = {isa = PBXBuildFile; fileRef = 09ECFF382C3749CC008F6310 /* CoordinatorExampleWithUnitTestApp.swift */; };
		09ECFF3D2C3749CF008F6310 /* Assets.xcassets in Resources */ = {isa = PBXBuildFile; fileRef = 09ECFF3C2C3749CF008F6310 /* Assets.xcassets */; };
		09ECFF412C3749CF008F6310 /* Preview Assets.xcassets in Resources */ = {isa = PBXBuildFile; fileRef = 09ECFF402C3749CF008F6310 /* Preview Assets.xcassets */; };
		09ECFF4B2C3749D0008F6310 /* CoordinatorExampleWithUnitTestTests.swift in Sources */ = {isa = PBXBuildFile; fileRef = 09ECFF4A2C3749D0008F6310 /* CoordinatorExampleWithUnitTestTests.swift */; };
		09ECFF552C3749D0008F6310 /* CoordinatorExampleWithUnitTestUITests.swift in Sources */ = {isa = PBXBuildFile; fileRef = 09ECFF542C3749D0008F6310 /* CoordinatorExampleWithUnitTestUITests.swift */; };
		09ECFF572C3749D0008F6310 /* CoordinatorExampleWithUnitTestUITestsLaunchTests.swift in Sources */ = {isa = PBXBuildFile; fileRef = 09ECFF562C3749D0008F6310 /* CoordinatorExampleWithUnitTestUITestsLaunchTests.swift */; };
		09ECFF662C3755F6008F6310 /* AppCoordinator.swift in Sources */ = {isa = PBXBuildFile; fileRef = 09ECFF652C3755F6008F6310 /* AppCoordinator.swift */; };
		09ECFF682C375626008F6310 /* HomeView.swift in Sources */ = {isa = PBXBuildFile; fileRef = 09ECFF672C375626008F6310 /* HomeView.swift */; };
		09ECFF6A2C375645008F6310 /* DetailView.swift in Sources */ = {isa = PBXBuildFile; fileRef = 09ECFF692C375645008F6310 /* DetailView.swift */; };
		09ECFF6E2C375779008F6310 /* Coordinator.swift in Sources */ = {isa = PBXBuildFile; fileRef = 09ECFF6D2C375779008F6310 /* Coordinator.swift */; };
		09ECFF712C379432008F6310 /* XCTest.framework in Frameworks */ = {isa = PBXBuildFile; fileRef = 09ECFF702C379432008F6310 /* XCTest.framework */; };
/* End PBXBuildFile section */

/* Begin PBXContainerItemProxy section */
		09ECFF472C3749D0008F6310 /* PBXContainerItemProxy */ = {
			isa = PBXContainerItemProxy;
			containerPortal = 09ECFF2D2C3749CC008F6310 /* Project object */;
			proxyType = 1;
			remoteGlobalIDString = 09ECFF342C3749CC008F6310;
			remoteInfo = CoordinatorExampleWithUnitTest;
		};
		09ECFF512C3749D0008F6310 /* PBXContainerItemProxy */ = {
			isa = PBXContainerItemProxy;
			containerPortal = 09ECFF2D2C3749CC008F6310 /* Project object */;
			proxyType = 1;
			remoteGlobalIDString = 09ECFF342C3749CC008F6310;
			remoteInfo = CoordinatorExampleWithUnitTest;
		};
/* End PBXContainerItemProxy section */

/* Begin PBXFileReference section */
		09ECFF352C3749CC008F6310 /* CoordinatorExampleWithUnitTest.app */ = {isa = PBXFileReference; explicitFileType = wrapper.application; includeInIndex = 0; path = CoordinatorExampleWithUnitTest.app; sourceTree = BUILT_PRODUCTS_DIR; };
		09ECFF382C3749CC008F6310 /* CoordinatorExampleWithUnitTestApp.swift */ = {isa = PBXFileReference; lastKnownFileType = sourcecode.swift; path = CoordinatorExampleWithUnitTestApp.swift; sourceTree = "<group>"; };
		09ECFF3C2C3749CF008F6310 /* Assets.xcassets */ = {isa = PBXFileReference; lastKnownFileType = folder.assetcatalog; path = Assets.xcassets; sourceTree = "<group>"; };
		09ECFF3E2C3749CF008F6310 /* CoordinatorExampleWithUnitTest.entitlements */ = {isa = PBXFileReference; lastKnownFileType = text.plist.entitlements; path = CoordinatorExampleWithUnitTest.entitlements; sourceTree = "<group>"; };
		09ECFF402C3749CF008F6310 /* Preview Assets.xcassets */ = {isa = PBXFileReference; lastKnownFileType = folder.assetcatalog; path = "Preview Assets.xcassets"; sourceTree = "<group>"; };
		09ECFF462C3749D0008F6310 /* CoordinatorExampleWithUnitTestTests.xctest */ = {isa = PBXFileReference; explicitFileType = wrapper.cfbundle; includeInIndex = 0; path = CoordinatorExampleWithUnitTestTests.xctest; sourceTree = BUILT_PRODUCTS_DIR; };
		09ECFF4A2C3749D0008F6310 /* CoordinatorExampleWithUnitTestTests.swift */ = {isa = PBXFileReference; lastKnownFileType = sourcecode.swift; path = CoordinatorExampleWithUnitTestTests.swift; sourceTree = "<group>"; };
		09ECFF502C3749D0008F6310 /* CoordinatorExampleWithUnitTestUITests.xctest */ = {isa = PBXFileReference; explicitFileType = wrapper.cfbundle; includeInIndex = 0; path = CoordinatorExampleWithUnitTestUITests.xctest; sourceTree = BUILT_PRODUCTS_DIR; };
		09ECFF542C3749D0008F6310 /* CoordinatorExampleWithUnitTestUITests.swift */ = {isa = PBXFileReference; lastKnownFileType = sourcecode.swift; path = CoordinatorExampleWithUnitTestUITests.swift; sourceTree = "<group>"; };
		09ECFF562C3749D0008F6310 /* CoordinatorExampleWithUnitTestUITestsLaunchTests.swift */ = {isa = PBXFileReference; lastKnownFileType = sourcecode.swift; path = CoordinatorExampleWithUnitTestUITestsLaunchTests.swift; sourceTree = "<group>"; };
		09ECFF652C3755F6008F6310 /* AppCoordinator.swift */ = {isa = PBXFileReference; lastKnownFileType = sourcecode.swift; path = AppCoordinator.swift; sourceTree = "<group>"; };
		09ECFF672C375626008F6310 /* HomeView.swift */ = {isa = PBXFileReference; lastKnownFileType = sourcecode.swift; path = HomeView.swift; sourceTree = "<group>"; };
		09ECFF692C375645008F6310 /* DetailView.swift */ = {isa = PBXFileReference; lastKnownFileType = sourcecode.swift; path = DetailView.swift; sourceTree = "<group>"; };
		09ECFF6D2C375779008F6310 /* Coordinator.swift */ = {isa = PBXFileReference; lastKnownFileType = sourcecode.swift; path = Coordinator.swift; sourceTree = "<group>"; };
		09ECFF702C379432008F6310 /* XCTest.framework */ = {isa = PBXFileReference; lastKnownFileType = wrapper.framework; name = XCTest.framework; path = Platforms/MacOSX.platform/Developer/Library/Frameworks/XCTest.framework; sourceTree = DEVELOPER_DIR; };
/* End PBXFileReference section */

/* Begin PBXFrameworksBuildPhase section */
		09ECFF322C3749CC008F6310 /* Frameworks */ = {
			isa = PBXFrameworksBuildPhase;
			buildActionMask = 2147483647;
			files = (
			);
			runOnlyForDeploymentPostprocessing = 0;
		};
		09ECFF432C3749D0008F6310 /* Frameworks */ = {
			isa = PBXFrameworksBuildPhase;
			buildActionMask = 2147483647;
			files = (
			);
			runOnlyForDeploymentPostprocessing = 0;
		};
		09ECFF4D2C3749D0008F6310 /* Frameworks */ = {
			isa = PBXFrameworksBuildPhase;
			buildActionMask = 2147483647;
			files = (
				09ECFF712C379432008F6310 /* XCTest.framework in Frameworks */,
			);
			runOnlyForDeploymentPostprocessing = 0;
		};
/* End PBXFrameworksBuildPhase section */

/* Begin PBXGroup section */
		09ECFF2C2C3749CC008F6310 = {
			isa = PBXGroup;
			children = (
				09ECFF372C3749CC008F6310 /* CoordinatorExampleWithUnitTest */,
				09ECFF492C3749D0008F6310 /* CoordinatorExampleWithUnitTestTests */,
				09ECFF532C3749D0008F6310 /* CoordinatorExampleWithUnitTestUITests */,
				09ECFF362C3749CC008F6310 /* Products */,
				09ECFF6F2C379431008F6310 /* Frameworks */,
			);
			sourceTree = "<group>";
		};
		09ECFF362C3749CC008F6310 /* Products */ = {
			isa = PBXGroup;
			children = (
				09ECFF352C3749CC008F6310 /* CoordinatorExampleWithUnitTest.app */,
				09ECFF462C3749D0008F6310 /* CoordinatorExampleWithUnitTestTests.xctest */,
				09ECFF502C3749D0008F6310 /* CoordinatorExampleWithUnitTestUITests.xctest */,
			);
			name = Products;
			sourceTree = "<group>";
		};
		09ECFF372C3749CC008F6310 /* CoordinatorExampleWithUnitTest */ = {
			isa = PBXGroup;
			children = (
				09ECFF6C2C3756DB008F6310 /* Protocols */,
				09ECFF642C3755DD008F6310 /* Coordinators */,
				09ECFF632C37557E008F6310 /* Views */,
				09ECFF382C3749CC008F6310 /* CoordinatorExampleWithUnitTestApp.swift */,
				09ECFF3C2C3749CF008F6310 /* Assets.xcassets */,
				09ECFF3E2C3749CF008F6310 /* CoordinatorExampleWithUnitTest.entitlements */,
				09ECFF3F2C3749CF008F6310 /* Preview Content */,
			);
			path = CoordinatorExampleWithUnitTest;
			sourceTree = "<group>";
		};
		09ECFF3F2C3749CF008F6310 /* Preview Content */ = {
			isa = PBXGroup;
			children = (
				09ECFF402C3749CF008F6310 /* Preview Assets.xcassets */,
			);
			path = "Preview Content";
			sourceTree = "<group>";
		};
		09ECFF492C3749D0008F6310 /* CoordinatorExampleWithUnitTestTests */ = {
			isa = PBXGroup;
			children = (
				09ECFF4A2C3749D0008F6310 /* CoordinatorExampleWithUnitTestTests.swift */,
			);
			path = CoordinatorExampleWithUnitTestTests;
			sourceTree = "<group>";
		};
		09ECFF532C3749D0008F6310 /* CoordinatorExampleWithUnitTestUITests */ = {
			isa = PBXGroup;
			children = (
				09ECFF542C3749D0008F6310 /* CoordinatorExampleWithUnitTestUITests.swift */,
				09ECFF562C3749D0008F6310 /* CoordinatorExampleWithUnitTestUITestsLaunchTests.swift */,
			);
			path = CoordinatorExampleWithUnitTestUITests;
			sourceTree = "<group>";
		};
		09ECFF632C37557E008F6310 /* Views */ = {
			isa = PBXGroup;
			children = (
				09ECFF672C375626008F6310 /* HomeView.swift */,
				09ECFF692C375645008F6310 /* DetailView.swift */,
			);
			path = Views;
			sourceTree = "<group>";
		};
		09ECFF642C3755DD008F6310 /* Coordinators */ = {
			isa = PBXGroup;
			children = (
				09ECFF652C3755F6008F6310 /* AppCoordinator.swift */,
			);
			path = Coordinators;
			sourceTree = "<group>";
		};
		09ECFF6C2C3756DB008F6310 /* Protocols */ = {
			isa = PBXGroup;
			children = (
				09ECFF6D2C375779008F6310 /* Coordinator.swift */,
			);
			path = Protocols;
			sourceTree = "<group>";
		};
		09ECFF6F2C379431008F6310 /* Frameworks */ = {
			isa = PBXGroup;
			children = (
				09ECFF702C379432008F6310 /* XCTest.framework */,
			);
			name = Frameworks;
			sourceTree = "<group>";
		};
/* End PBXGroup section */

/* Begin PBXNativeTarget section */
		09ECFF342C3749CC008F6310 /* CoordinatorExampleWithUnitTest */ = {
			isa = PBXNativeTarget;
			buildConfigurationList = 09ECFF5A2C3749D0008F6310 /* Build configuration list for PBXNativeTarget "CoordinatorExampleWithUnitTest" */;
			buildPhases = (
				09ECFF312C3749CC008F6310 /* Sources */,
				09ECFF322C3749CC008F6310 /* Frameworks */,
				09ECFF332C3749CC008F6310 /* Resources */,
			);
			buildRules = (
			);
			dependencies = (
			);
			name = CoordinatorExampleWithUnitTest;
			productName = CoordinatorExampleWithUnitTest;
			productReference = 09ECFF352C3749CC008F6310 /* CoordinatorExampleWithUnitTest.app */;
			productType = "com.apple.product-type.application";
		};
		09ECFF452C3749D0008F6310 /* CoordinatorExampleWithUnitTestTests */ = {
			isa = PBXNativeTarget;
			buildConfigurationList = 09ECFF5D2C3749D0008F6310 /* Build configuration list for PBXNativeTarget "CoordinatorExampleWithUnitTestTests" */;
			buildPhases = (
				09ECFF422C3749D0008F6310 /* Sources */,
				09ECFF432C3749D0008F6310 /* Frameworks */,
				09ECFF442C3749D0008F6310 /* Resources */,
			);
			buildRules = (
			);
			dependencies = (
				09ECFF482C3749D0008F6310 /* PBXTargetDependency */,
			);
			name = CoordinatorExampleWithUnitTestTests;
			productName = CoordinatorExampleWithUnitTestTests;
			productReference = 09ECFF462C3749D0008F6310 /* CoordinatorExampleWithUnitTestTests.xctest */;
			productType = "com.apple.product-type.bundle.unit-test";
		};
		09ECFF4F2C3749D0008F6310 /* CoordinatorExampleWithUnitTestUITests */ = {
			isa = PBXNativeTarget;
			buildConfigurationList = 09ECFF602C3749D0008F6310 /* Build configuration list for PBXNativeTarget "CoordinatorExampleWithUnitTestUITests" */;
			buildPhases = (
				09ECFF4C2C3749D0008F6310 /* Sources */,
				09ECFF4D2C3749D0008F6310 /* Frameworks */,
				09ECFF4E2C3749D0008F6310 /* Resources */,
			);
			buildRules = (
			);
			dependencies = (
				09ECFF522C3749D0008F6310 /* PBXTargetDependency */,
			);
			name = CoordinatorExampleWithUnitTestUITests;
			productName = CoordinatorExampleWithUnitTestUITests;
			productReference = 09ECFF502C3749D0008F6310 /* CoordinatorExampleWithUnitTestUITests.xctest */;
			productType = "com.apple.product-type.bundle.ui-testing";
		};
/* End PBXNativeTarget section */

/* Begin PBXProject section */
		09ECFF2D2C3749CC008F6310 /* Project object */ = {
			isa = PBXProject;
			attributes = {
				BuildIndependentTargetsInParallel = 1;
				LastSwiftUpdateCheck = 1540;
				LastUpgradeCheck = 1540;
				TargetAttributes = {
					09ECFF342C3749CC008F6310 = {
						CreatedOnToolsVersion = 15.4;
					};
					09ECFF452C3749D0008F6310 = {
						CreatedOnToolsVersion = 15.4;
						TestTargetID = 09ECFF342C3749CC008F6310;
					};
					09ECFF4F2C3749D0008F6310 = {
						CreatedOnToolsVersion = 15.4;
						TestTargetID = 09ECFF342C3749CC008F6310;
					};
				};
			};
			buildConfigurationList = 09ECFF302C3749CC008F6310 /* Build configuration list for PBXProject "CoordinatorExampleWithUnitTest" */;
			compatibilityVersion = "Xcode 14.0";
			developmentRegion = en;
			hasScannedForEncodings = 0;
			knownRegions = (
				en,
				Base,
			);
			mainGroup = 09ECFF2C2C3749CC008F6310;
			productRefGroup = 09ECFF362C3749CC008F6310 /* Products */;
			projectDirPath = "";
			projectRoot = "";
			targets = (
				09ECFF342C3749CC008F6310 /* CoordinatorExampleWithUnitTest */,
				09ECFF452C3749D0008F6310 /* CoordinatorExampleWithUnitTestTests */,
				09ECFF4F2C3749D0008F6310 /* CoordinatorExampleWithUnitTestUITests */,
			);
		};
/* End PBXProject section */

/* Begin PBXResourcesBuildPhase section */
		09ECFF332C3749CC008F6310 /* Resources */ = {
			isa = PBXResourcesBuildPhase;
			buildActionMask = 2147483647;
			files = (
				09ECFF412C3749CF008F6310 /* Preview Assets.xcassets in Resources */,
				09ECFF3D2C3749CF008F6310 /* Assets.xcassets in Resources */,
			);
			runOnlyForDeploymentPostprocessing = 0;
		};
		09ECFF442C3749D0008F6310 /* Resources */ = {
			isa = PBXResourcesBuildPhase;
			buildActionMask = 2147483647;
			files = (
			);
			runOnlyForDeploymentPostprocessing = 0;
		};
		09ECFF4E2C3749D0008F6310 /* Resources */ = {
			isa = PBXResourcesBuildPhase;
			buildActionMask = 2147483647;
			files = (
			);
			runOnlyForDeploymentPostprocessing = 0;
		};
/* End PBXResourcesBuildPhase section */

/* Begin PBXSourcesBuildPhase section */
		09ECFF312C3749CC008F6310 /* Sources */ = {
			isa = PBXSourcesBuildPhase;
			buildActionMask = 2147483647;
			files = (
				09ECFF662C3755F6008F6310 /* AppCoordinator.swift in Sources */,
				09ECFF682C375626008F6310 /* HomeView.swift in Sources */,
				09ECFF6E2C375779008F6310 /* Coordinator.swift in Sources */,
				09ECFF6A2C375645008F6310 /* DetailView.swift in Sources */,
				09ECFF392C3749CC008F6310 /* CoordinatorExampleWithUnitTestApp.swift in Sources */,
			);
			runOnlyForDeploymentPostprocessing = 0;
		};
		09ECFF422C3749D0008F6310 /* Sources */ = {
			isa = PBXSourcesBuildPhase;
			buildActionMask = 2147483647;
			files = (
				09ECFF4B2C3749D0008F6310 /* CoordinatorExampleWithUnitTestTests.swift in Sources */,
			);
			runOnlyForDeploymentPostprocessing = 0;
		};
		09ECFF4C2C3749D0008F6310 /* Sources */ = {
			isa = PBXSourcesBuildPhase;
			buildActionMask = 2147483647;
			files = (
				09ECFF572C3749D0008F6310 /* CoordinatorExampleWithUnitTestUITestsLaunchTests.swift in Sources */,
				09ECFF552C3749D0008F6310 /* CoordinatorExampleWithUnitTestUITests.swift in Sources */,
			);
			runOnlyForDeploymentPostprocessing = 0;
		};
/* End PBXSourcesBuildPhase section */

/* Begin PBXTargetDependency section */
		09ECFF482C3749D0008F6310 /* PBXTargetDependency */ = {
			isa = PBXTargetDependency;
			target = 09ECFF342C3749CC008F6310 /* CoordinatorExampleWithUnitTest */;
			targetProxy = 09ECFF472C3749D0008F6310 /* PBXContainerItemProxy */;
		};
		09ECFF522C3749D0008F6310 /* PBXTargetDependency */ = {
			isa = PBXTargetDependency;
			target = 09ECFF342C3749CC008F6310 /* CoordinatorExampleWithUnitTest */;
			targetProxy = 09ECFF512C3749D0008F6310 /* PBXContainerItemProxy */;
		};
/* End PBXTargetDependency section */

/* Begin XCBuildConfiguration section */
		09ECFF582C3749D0008F6310 /* Debug */ = {
			isa = XCBuildConfiguration;
			buildSettings = {
				ALWAYS_SEARCH_USER_PATHS = NO;
				ASSETCATALOG_COMPILER_GENERATE_SWIFT_ASSET_SYMBOL_EXTENSIONS = YES;
				CLANG_ANALYZER_NONNULL = YES;
				CLANG_ANALYZER_NUMBER_OBJECT_CONVERSION = YES_AGGRESSIVE;
				CLANG_CXX_LANGUAGE_STANDARD = "gnu++20";
				CLANG_ENABLE_MODULES = YES;
				CLANG_ENABLE_OBJC_ARC = YES;
				CLANG_ENABLE_OBJC_WEAK = YES;
				CLANG_WARN_BLOCK_CAPTURE_AUTORELEASING = YES;
				CLANG_WARN_BOOL_CONVERSION = YES;
				CLANG_WARN_COMMA = YES;
				CLANG_WARN_CONSTANT_CONVERSION = YES;
				CLANG_WARN_DEPRECATED_OBJC_IMPLEMENTATIONS = YES;
				CLANG_WARN_DIRECT_OBJC_ISA_USAGE = YES_ERROR;
				CLANG_WARN_DOCUMENTATION_COMMENTS = YES;
				CLANG_WARN_EMPTY_BODY = YES;
				CLANG_WARN_ENUM_CONVERSION = YES;
				CLANG_WARN_INFINITE_RECURSION = YES;
				CLANG_WARN_INT_CONVERSION = YES;
				CLANG_WARN_NON_LITERAL_NULL_CONVERSION = YES;
				CLANG_WARN_OBJC_IMPLICIT_RETAIN_SELF = YES;
				CLANG_WARN_OBJC_LITERAL_CONVERSION = YES;
				CLANG_WARN_OBJC_ROOT_CLASS = YES_ERROR;
				CLANG_WARN_QUOTED_INCLUDE_IN_FRAMEWORK_HEADER = YES;
				CLANG_WARN_RANGE_LOOP_ANALYSIS = YES;
				CLANG_WARN_STRICT_PROTOTYPES = YES;
				CLANG_WARN_SUSPICIOUS_MOVE = YES;
				CLANG_WARN_UNGUARDED_AVAILABILITY = YES_AGGRESSIVE;
				CLANG_WARN_UNREACHABLE_CODE = YES;
				CLANG_WARN__DUPLICATE_METHOD_MATCH = YES;
				COPY_PHASE_STRIP = NO;
				DEBUG_INFORMATION_FORMAT = dwarf;
				ENABLE_STRICT_OBJC_MSGSEND = YES;
				ENABLE_TESTABILITY = YES;
				ENABLE_USER_SCRIPT_SANDBOXING = YES;
				GCC_C_LANGUAGE_STANDARD = gnu17;
				GCC_DYNAMIC_NO_PIC = NO;
				GCC_NO_COMMON_BLOCKS = YES;
				GCC_OPTIMIZATION_LEVEL = 0;
				GCC_PREPROCESSOR_DEFINITIONS = (
					"DEBUG=1",
					"$(inherited)",
				);
				GCC_WARN_64_TO_32_BIT_CONVERSION = YES;
				GCC_WARN_ABOUT_RETURN_TYPE = YES_ERROR;
				GCC_WARN_UNDECLARED_SELECTOR = YES;
				GCC_WARN_UNINITIALIZED_AUTOS = YES_AGGRESSIVE;
				GCC_WARN_UNUSED_FUNCTION = YES;
				GCC_WARN_UNUSED_VARIABLE = YES;
				LOCALIZATION_PREFERS_STRING_CATALOGS = YES;
				MTL_ENABLE_DEBUG_INFO = INCLUDE_SOURCE;
				MTL_FAST_MATH = YES;
				ONLY_ACTIVE_ARCH = YES;
				SWIFT_ACTIVE_COMPILATION_CONDITIONS = "DEBUG $(inherited)";
				SWIFT_OPTIMIZATION_LEVEL = "-Onone";
			};
			name = Debug;
		};
		09ECFF592C3749D0008F6310 /* Release */ = {
			isa = XCBuildConfiguration;
			buildSettings = {
				ALWAYS_SEARCH_USER_PATHS = NO;
				ASSETCATALOG_COMPILER_GENERATE_SWIFT_ASSET_SYMBOL_EXTENSIONS = YES;
				CLANG_ANALYZER_NONNULL = YES;
				CLANG_ANALYZER_NUMBER_OBJECT_CONVERSION = YES_AGGRESSIVE;
				CLANG_CXX_LANGUAGE_STANDARD = "gnu++20";
				CLANG_ENABLE_MODULES = YES;
				CLANG_ENABLE_OBJC_ARC = YES;
				CLANG_ENABLE_OBJC_WEAK = YES;
				CLANG_WARN_BLOCK_CAPTURE_AUTORELEASING = YES;
				CLANG_WARN_BOOL_CONVERSION = YES;
				CLANG_WARN_COMMA = YES;
				CLANG_WARN_CONSTANT_CONVERSION = YES;
				CLANG_WARN_DEPRECATED_OBJC_IMPLEMENTATIONS = YES;
				CLANG_WARN_DIRECT_OBJC_ISA_USAGE = YES_ERROR;
				CLANG_WARN_DOCUMENTATION_COMMENTS = YES;
				CLANG_WARN_EMPTY_BODY = YES;
				CLANG_WARN_ENUM_CONVERSION = YES;
				CLANG_WARN_INFINITE_RECURSION = YES;
				CLANG_WARN_INT_CONVERSION = YES;
				CLANG_WARN_NON_LITERAL_NULL_CONVERSION = YES;
				CLANG_WARN_OBJC_IMPLICIT_RETAIN_SELF = YES;
				CLANG_WARN_OBJC_LITERAL_CONVERSION = YES;
				CLANG_WARN_OBJC_ROOT_CLASS = YES_ERROR;
				CLANG_WARN_QUOTED_INCLUDE_IN_FRAMEWORK_HEADER = YES;
				CLANG_WARN_RANGE_LOOP_ANALYSIS = YES;
				CLANG_WARN_STRICT_PROTOTYPES = YES;
				CLANG_WARN_SUSPICIOUS_MOVE = YES;
				CLANG_WARN_UNGUARDED_AVAILABILITY = YES_AGGRESSIVE;
				CLANG_WARN_UNREACHABLE_CODE = YES;
				CLANG_WARN__DUPLICATE_METHOD_MATCH = YES;
				COPY_PHASE_STRIP = NO;
				DEBUG_INFORMATION_FORMAT = "dwarf-with-dsym";
				ENABLE_NS_ASSERTIONS = NO;
				ENABLE_STRICT_OBJC_MSGSEND = YES;
				ENABLE_USER_SCRIPT_SANDBOXING = YES;
				GCC_C_LANGUAGE_STANDARD = gnu17;
				GCC_NO_COMMON_BLOCKS = YES;
				GCC_WARN_64_TO_32_BIT_CONVERSION = YES;
				GCC_WARN_ABOUT_RETURN_TYPE = YES_ERROR;
				GCC_WARN_UNDECLARED_SELECTOR = YES;
				GCC_WARN_UNINITIALIZED_AUTOS = YES_AGGRESSIVE;
				GCC_WARN_UNUSED_FUNCTION = YES;
				GCC_WARN_UNUSED_VARIABLE = YES;
				LOCALIZATION_PREFERS_STRING_CATALOGS = YES;
				MTL_ENABLE_DEBUG_INFO = NO;
				MTL_FAST_MATH = YES;
				SWIFT_COMPILATION_MODE = wholemodule;
			};
			name = Release;
		};
		09ECFF5B2C3749D0008F6310 /* Debug */ = {
			isa = XCBuildConfiguration;
			buildSettings = {
				ASSETCATALOG_COMPILER_APPICON_NAME = AppIcon;
				ASSETCATALOG_COMPILER_GLOBAL_ACCENT_COLOR_NAME = AccentColor;
				CODE_SIGN_ENTITLEMENTS = CoordinatorExampleWithUnitTest/CoordinatorExampleWithUnitTest.entitlements;
				CODE_SIGN_STYLE = Automatic;
				CURRENT_PROJECT_VERSION = 1;
				DEVELOPMENT_ASSET_PATHS = "\"CoordinatorExampleWithUnitTest/Preview Content\"";
				DEVELOPMENT_TEAM = 93TAG27MAJ;
				ENABLE_HARDENED_RUNTIME = YES;
				ENABLE_PREVIEWS = YES;
				GENERATE_INFOPLIST_FILE = YES;
				"INFOPLIST_KEY_UIApplicationSceneManifest_Generation[sdk=iphoneos*]" = YES;
				"INFOPLIST_KEY_UIApplicationSceneManifest_Generation[sdk=iphonesimulator*]" = YES;
				"INFOPLIST_KEY_UIApplicationSupportsIndirectInputEvents[sdk=iphoneos*]" = YES;
				"INFOPLIST_KEY_UIApplicationSupportsIndirectInputEvents[sdk=iphonesimulator*]" = YES;
				"INFOPLIST_KEY_UILaunchScreen_Generation[sdk=iphoneos*]" = YES;
				"INFOPLIST_KEY_UILaunchScreen_Generation[sdk=iphonesimulator*]" = YES;
				"INFOPLIST_KEY_UIStatusBarStyle[sdk=iphoneos*]" = UIStatusBarStyleDefault;
				"INFOPLIST_KEY_UIStatusBarStyle[sdk=iphonesimulator*]" = UIStatusBarStyleDefault;
				INFOPLIST_KEY_UISupportedInterfaceOrientations_iPad = "UIInterfaceOrientationPortrait UIInterfaceOrientationPortraitUpsideDown UIInterfaceOrientationLandscapeLeft UIInterfaceOrientationLandscapeRight";
				INFOPLIST_KEY_UISupportedInterfaceOrientations_iPhone = "UIInterfaceOrientationPortrait UIInterfaceOrientationLandscapeLeft UIInterfaceOrientationLandscapeRight";
				IPHONEOS_DEPLOYMENT_TARGET = 17.5;
				LD_RUNPATH_SEARCH_PATHS = "@executable_path/Frameworks";
				"LD_RUNPATH_SEARCH_PATHS[sdk=macosx*]" = "@executable_path/../Frameworks";
				MACOSX_DEPLOYMENT_TARGET = 14.5;
				MARKETING_VERSION = 1.0;
				PRODUCT_BUNDLE_IDENTIFIER = pragmatic.CoordinatorExampleWithUnitTest;
				PRODUCT_NAME = "$(TARGET_NAME)";
				SDKROOT = auto;
				SUPPORTED_PLATFORMS = "iphoneos iphonesimulator macosx";
				SWIFT_EMIT_LOC_STRINGS = YES;
				SWIFT_VERSION = 5.0;
				TARGETED_DEVICE_FAMILY = "1,2";
			};
			name = Debug;
		};
		09ECFF5C2C3749D0008F6310 /* Release */ = {
			isa = XCBuildConfiguration;
			buildSettings = {
				ASSETCATALOG_COMPILER_APPICON_NAME = AppIcon;
				ASSETCATALOG_COMPILER_GLOBAL_ACCENT_COLOR_NAME = AccentColor;
				CODE_SIGN_ENTITLEMENTS = CoordinatorExampleWithUnitTest/CoordinatorExampleWithUnitTest.entitlements;
				CODE_SIGN_STYLE = Automatic;
				CURRENT_PROJECT_VERSION = 1;
				DEVELOPMENT_ASSET_PATHS = "\"CoordinatorExampleWithUnitTest/Preview Content\"";
				DEVELOPMENT_TEAM = 93TAG27MAJ;
				ENABLE_HARDENED_RUNTIME = YES;
				ENABLE_PREVIEWS = YES;
				GENERATE_INFOPLIST_FILE = YES;
				"INFOPLIST_KEY_UIApplicationSceneManifest_Generation[sdk=iphoneos*]" = YES;
				"INFOPLIST_KEY_UIApplicationSceneManifest_Generation[sdk=iphonesimulator*]" = YES;
				"INFOPLIST_KEY_UIApplicationSupportsIndirectInputEvents[sdk=iphoneos*]" = YES;
				"INFOPLIST_KEY_UIApplicationSupportsIndirectInputEvents[sdk=iphonesimulator*]" = YES;
				"INFOPLIST_KEY_UILaunchScreen_Generation[sdk=iphoneos*]" = YES;
				"INFOPLIST_KEY_UILaunchScreen_Generation[sdk=iphonesimulator*]" = YES;
				"INFOPLIST_KEY_UIStatusBarStyle[sdk=iphoneos*]" = UIStatusBarStyleDefault;
				"INFOPLIST_KEY_UIStatusBarStyle[sdk=iphonesimulator*]" = UIStatusBarStyleDefault;
				INFOPLIST_KEY_UISupportedInterfaceOrientations_iPad = "UIInterfaceOrientationPortrait UIInterfaceOrientationPortraitUpsideDown UIInterfaceOrientationLandscapeLeft UIInterfaceOrientationLandscapeRight";
				INFOPLIST_KEY_UISupportedInterfaceOrientations_iPhone = "UIInterfaceOrientationPortrait UIInterfaceOrientationLandscapeLeft UIInterfaceOrientationLandscapeRight";
				IPHONEOS_DEPLOYMENT_TARGET = 17.5;
				LD_RUNPATH_SEARCH_PATHS = "@executable_path/Frameworks";
				"LD_RUNPATH_SEARCH_PATHS[sdk=macosx*]" = "@executable_path/../Frameworks";
				MACOSX_DEPLOYMENT_TARGET = 14.5;
				MARKETING_VERSION = 1.0;
				PRODUCT_BUNDLE_IDENTIFIER = pragmatic.CoordinatorExampleWithUnitTest;
				PRODUCT_NAME = "$(TARGET_NAME)";
				SDKROOT = auto;
				SUPPORTED_PLATFORMS = "iphoneos iphonesimulator macosx";
				SWIFT_EMIT_LOC_STRINGS = YES;
				SWIFT_VERSION = 5.0;
				TARGETED_DEVICE_FAMILY = "1,2";
			};
			name = Release;
		};
		09ECFF5E2C3749D0008F6310 /* Debug */ = {
			isa = XCBuildConfiguration;
			buildSettings = {
				ALWAYS_EMBED_SWIFT_STANDARD_LIBRARIES = YES;
				BUNDLE_LOADER = "$(TEST_HOST)";
				CODE_SIGN_STYLE = Automatic;
				CURRENT_PROJECT_VERSION = 1;
				DEVELOPMENT_TEAM = 93TAG27MAJ;
				GENERATE_INFOPLIST_FILE = YES;
				IPHONEOS_DEPLOYMENT_TARGET = 17.5;
				MACOSX_DEPLOYMENT_TARGET = 14.5;
				MARKETING_VERSION = 1.0;
				PRODUCT_BUNDLE_IDENTIFIER = pragmatic.CoordinatorExampleWithUnitTestTests;
				PRODUCT_NAME = "$(TARGET_NAME)";
				SDKROOT = auto;
				SUPPORTED_PLATFORMS = "iphoneos iphonesimulator macosx";
				SWIFT_EMIT_LOC_STRINGS = NO;
				SWIFT_VERSION = 5.0;
				TARGETED_DEVICE_FAMILY = "1,2";
				TEST_HOST = "$(BUILT_PRODUCTS_DIR)/CoordinatorExampleWithUnitTest.app/$(BUNDLE_EXECUTABLE_FOLDER_PATH)/CoordinatorExampleWithUnitTest";
			};
			name = Debug;
		};
		09ECFF5F2C3749D0008F6310 /* Release */ = {
			isa = XCBuildConfiguration;
			buildSettings = {
				ALWAYS_EMBED_SWIFT_STANDARD_LIBRARIES = YES;
				BUNDLE_LOADER = "$(TEST_HOST)";
				CODE_SIGN_STYLE = Automatic;
				CURRENT_PROJECT_VERSION = 1;
				DEVELOPMENT_TEAM = 93TAG27MAJ;
				GENERATE_INFOPLIST_FILE = YES;
				IPHONEOS_DEPLOYMENT_TARGET = 17.5;
				MACOSX_DEPLOYMENT_TARGET = 14.5;
				MARKETING_VERSION = 1.0;
				PRODUCT_BUNDLE_IDENTIFIER = pragmatic.CoordinatorExampleWithUnitTestTests;
				PRODUCT_NAME = "$(TARGET_NAME)";
				SDKROOT = auto;
				SUPPORTED_PLATFORMS = "iphoneos iphonesimulator macosx";
				SWIFT_EMIT_LOC_STRINGS = NO;
				SWIFT_VERSION = 5.0;
				TARGETED_DEVICE_FAMILY = "1,2";
				TEST_HOST = "$(BUILT_PRODUCTS_DIR)/CoordinatorExampleWithUnitTest.app/$(BUNDLE_EXECUTABLE_FOLDER_PATH)/CoordinatorExampleWithUnitTest";
			};
			name = Release;
		};
		09ECFF612C3749D0008F6310 /* Debug */ = {
			isa = XCBuildConfiguration;
			buildSettings = {
				ALWAYS_EMBED_SWIFT_STANDARD_LIBRARIES = YES;
				CODE_SIGN_STYLE = Automatic;
				CURRENT_PROJECT_VERSION = 1;
				DEVELOPMENT_TEAM = 93TAG27MAJ;
				GENERATE_INFOPLIST_FILE = YES;
				IPHONEOS_DEPLOYMENT_TARGET = 17.5;
				MACOSX_DEPLOYMENT_TARGET = 14.5;
				MARKETING_VERSION = 1.0;
				PRODUCT_BUNDLE_IDENTIFIER = pragmatic.CoordinatorExampleWithUnitTestUITests;
				PRODUCT_NAME = "$(TARGET_NAME)";
				SDKROOT = auto;
				SUPPORTED_PLATFORMS = "iphoneos iphonesimulator macosx";
				SWIFT_EMIT_LOC_STRINGS = NO;
				SWIFT_VERSION = 5.0;
				TARGETED_DEVICE_FAMILY = "1,2";
				TEST_TARGET_NAME = CoordinatorExampleWithUnitTest;
			};
			name = Debug;
		};
		09ECFF622C3749D0008F6310 /* Release */ = {
			isa = XCBuildConfiguration;
			buildSettings = {
				ALWAYS_EMBED_SWIFT_STANDARD_LIBRARIES = YES;
				CODE_SIGN_STYLE = Automatic;
				CURRENT_PROJECT_VERSION = 1;
				DEVELOPMENT_TEAM = 93TAG27MAJ;
				GENERATE_INFOPLIST_FILE = YES;
				IPHONEOS_DEPLOYMENT_TARGET = 17.5;
				MACOSX_DEPLOYMENT_TARGET = 14.5;
				MARKETING_VERSION = 1.0;
				PRODUCT_BUNDLE_IDENTIFIER = pragmatic.CoordinatorExampleWithUnitTestUITests;
				PRODUCT_NAME = "$(TARGET_NAME)";
				SDKROOT = auto;
				SUPPORTED_PLATFORMS = "iphoneos iphonesimulator macosx";
				SWIFT_EMIT_LOC_STRINGS = NO;
				SWIFT_VERSION = 5.0;
				TARGETED_DEVICE_FAMILY = "1,2";
				TEST_TARGET_NAME = CoordinatorExampleWithUnitTest;
			};
			name = Release;
		};
/* End XCBuildConfiguration section */

/* Begin XCConfigurationList section */
		09ECFF302C3749CC008F6310 /* Build configuration list for PBXProject "CoordinatorExampleWithUnitTest" */ = {
			isa = XCConfigurationList;
			buildConfigurations = (
				09ECFF582C3749D0008F6310 /* Debug */,
				09ECFF592C3749D0008F6310 /* Release */,
			);
			defaultConfigurationIsVisible = 0;
			defaultConfigurationName = Release;
		};
		09ECFF5A2C3749D0008F6310 /* Build configuration list for PBXNativeTarget "CoordinatorExampleWithUnitTest" */ = {
			isa = XCConfigurationList;
			buildConfigurations = (
				09ECFF5B2C3749D0008F6310 /* Debug */,
				09ECFF5C2C3749D0008F6310 /* Release */,
			);
			defaultConfigurationIsVisible = 0;
			defaultConfigurationName = Release;
		};
		09ECFF5D2C3749D0008F6310 /* Build configuration list for PBXNativeTarget "CoordinatorExampleWithUnitTestTests" */ = {
			isa = XCConfigurationList;
			buildConfigurations = (
				09ECFF5E2C3749D0008F6310 /* Debug */,
				09ECFF5F2C3749D0008F6310 /* Release */,
			);
			defaultConfigurationIsVisible = 0;
			defaultConfigurationName = Release;
		};
		09ECFF602C3749D0008F6310 /* Build configuration list for PBXNativeTarget "CoordinatorExampleWithUnitTestUITests" */ = {
			isa = XCConfigurationList;
			buildConfigurations = (
				09ECFF612C3749D0008F6310 /* Debug */,
				09ECFF622C3749D0008F6310 /* Release */,
			);
			defaultConfigurationIsVisible = 0;
			defaultConfigurationName = Release;
		};
/* End XCConfigurationList section */
	};
	rootObject = 09ECFF2D2C3749CC008F6310 /* Project object */;
}
